
Microsoft Visual Studio Solution File, Format Version 12.00
# Visual Studio Version 16
VisualStudioVersion = 16.0.31515.178
MinimumVisualStudioVersion = 10.0.40219.1
Project("{FAE04EC0-301F-11D3-BF4B-00C04F79EFBC}") = "RestaurantRater", "RestaurantRater\RestaurantRater.csproj", "{C9612679-A1D5-4347-ACEC-F9B69BCEDBDA}"
EndProject
Global
	GlobalSection(SolutionConfigurationPlatforms) = preSolution
		Debug|Any CPU = Debug|Any CPU
		Release|Any CPU = Release|Any CPU
	EndGlobalSection
	GlobalSection(ProjectConfigurationPlatforms) = postSolution
		{C9612679-A1D5-4347-ACEC-F9B69BCEDBDA}.Debug|Any CPU.ActiveCfg = Debug|Any CPU
		{C9612679-A1D5-4347-ACEC-F9B69BCEDBDA}.Debug|Any CPU.Build.0 = Debug|Any CPU
		{C9612679-A1D5-4347-ACEC-F9B69BCEDBDA}.Release|Any CPU.ActiveCfg = Release|Any CPU
		{C9612679-A1D5-4347-ACEC-F9B69BCEDBDA}.Release|Any CPU.Build.0 = Release|Any CPU
	EndGlobalSection
	GlobalSection(SolutionProperties) = preSolution
		HideSolutionNode = FALSE
	EndGlobalSection
	GlobalSection(ExtensibilityGlobals) = postSolution
		SolutionGuid = {0E9B7664-2AE1-4C5B-946B-BD30D2DAD1FB}
	EndGlobalSection
EndGlobal
